
Microsoft Visual Studio Solution File, Format Version 12.00
# Visual Studio Version 17
VisualStudioVersion = 17.5.33414.496
MinimumVisualStudioVersion = 10.0.40219.1
Project("{FAE04EC0-301F-11D3-BF4B-00C04F79EFBC}") = "Практика1 - пременные", "Практика1 - пременные\Практика1 - пременные.csproj", "{197E8423-52FB-4E59-8DC7-B034170848CB}"
EndProject
Global
	GlobalSection(SolutionConfigurationPlatforms) = preSolution
		Debug|Any CPU = Debug|Any CPU
		Release|Any CPU = Release|Any CPU
	EndGlobalSection
	GlobalSection(ProjectConfigurationPlatforms) = postSolution
		{197E8423-52FB-4E59-8DC7-B034170848CB}.Debug|Any CPU.ActiveCfg = Debug|Any CPU
		{197E8423-52FB-4E59-8DC7-B034170848CB}.Debug|Any CPU.Build.0 = Debug|Any CPU
		{197E8423-52FB-4E59-8DC7-B034170848CB}.Release|Any CPU.ActiveCfg = Release|Any CPU
		{197E8423-52FB-4E59-8DC7-B034170848CB}.Release|Any CPU.Build.0 = Release|Any CPU
	EndGlobalSection
	GlobalSection(SolutionProperties) = preSolution
		HideSolutionNode = FALSE
	EndGlobalSection
	GlobalSection(ExtensibilityGlobals) = postSolution
		SolutionGuid = {973DE782-629E-49C1-B9F2-7A658BF43279}
	EndGlobalSection
EndGlobal
